<?xml version="1.0" encoding="utf-8"?>
<Project ToolsVersion="4.0" xmlns="http://schemas.microsoft.com/developer/msbuild/2003">
  <ItemGroup>
    <Filter Include="Utility">
      <UniqueIdentifier>{8fee481b-661c-425a-b70f-2094726f0ece}</UniqueIdentifier>
    </Filter>
    <Filter Include="Protocol">
      <UniqueIdentifier>{e9a6e7d4-0bd1-4c70-a3b1-b7b6305187c6}</UniqueIdentifier>
    </Filter>
    <Filter Include="GameContents">
      <UniqueIdentifier>{0a1d881d-698c-47b3-a5e0-391421f9a229}</UniqueIdentifier>
    </Filter>
    <Filter Include="Main">
      <UniqueIdentifier>{b2d10271-a127-4957-9d46-2d23fd6890b0}</UniqueIdentifier>
    </Filter>
    <Filter Include="Main\DB">
      <UniqueIdentifier>{5e0adb45-824a-457c-9d04-ed755668bc6c}</UniqueIdentifier>
    </Filter>
  </ItemGroup>
  <ItemGroup>
    <ClCompile Include="main.cpp" />
    <ClCompile Include="pch.cpp">
      <Filter>Utility</Filter>
    </ClCompile>
    <ClCompile Include="Protocol\Protocol.pb.cc">
      <Filter>Protocol</Filter>
    </ClCompile>
    <ClCompile Include="Protocol\Enum.pb.cc">
      <Filter>Protocol</Filter>
    </ClCompile>
    <ClCompile Include="Protocol\Struct.pb.cc">
      <Filter>Protocol</Filter>
    </ClCompile>
    <ClCompile Include="GameContents\Player.cpp">
      <Filter>GameContents</Filter>
    </ClCompile>
    <ClCompile Include="GameContents\Room.cpp">
      <Filter>GameContents</Filter>
    </ClCompile>
    <ClCompile Include="Main\ClientPacketHandler.cpp">
      <Filter>Main</Filter>
    </ClCompile>
    <ClCompile Include="Main\GameSession.cpp">
      <Filter>Main</Filter>
    </ClCompile>
    <ClCompile Include="Main\GameSessionManager.cpp">
      <Filter>Main</Filter>
    </ClCompile>
  </ItemGroup>
  <ItemGroup>
    <ClInclude Include="pch.hpp">
      <Filter>Utility</Filter>
    </ClInclude>
    <ClInclude Include="Protocol\Protocol.pb.h">
      <Filter>Protocol</Filter>
    </ClInclude>
    <ClInclude Include="Protocol\Enum.pb.h">
      <Filter>Protocol</Filter>
    </ClInclude>
    <ClInclude Include="Protocol\Struct.pb.h">
      <Filter>Protocol</Filter>
    </ClInclude>
    <ClInclude Include="GameContents\Player.hpp">
      <Filter>GameContents</Filter>
    </ClInclude>
    <ClInclude Include="GameContents\Room.hpp">
      <Filter>GameContents</Filter>
    </ClInclude>
    <ClInclude Include="Main\ClientPacketHandler.hpp">
      <Filter>Main</Filter>
    </ClInclude>
    <ClInclude Include="Main\GameSession.hpp">
      <Filter>Main</Filter>
    </ClInclude>
    <ClInclude Include="Main\GameSessionManager.hpp">
      <Filter>Main</Filter>
    </ClInclude>
  </ItemGroup>
  <ItemGroup>
    <None Include="..\Common\Protobuf\bin\GenPackets.bat">
      <Filter>Protocol</Filter>
    </None>
    <None Include="..\Common\Protobuf\bin\Struct.proto">
      <Filter>Protocol</Filter>
    </None>
    <None Include="..\Common\Protobuf\bin\Enum.proto">
      <Filter>Protocol</Filter>
    </None>
    <None Include="..\Common\Protobuf\bin\Protocol.proto">
      <Filter>Protocol</Filter>
    </None>
  </ItemGroup>
  <ItemGroup>
    <Xml Include="Main\DB\GameDB.xml">
      <Filter>Main\DB</Filter>
    </Xml>
  </ItemGroup>
</Project>