<?xml version="1.0" encoding="utf-8"?>
<Project ToolsVersion="4.0" xmlns="http://schemas.microsoft.com/developer/msbuild/2003">
  <ItemGroup>
    <Filter Include="Network">
      <UniqueIdentifier>{c66354d6-098a-4cc1-8f7f-3668dc797291}</UniqueIdentifier>
    </Filter>
    <Filter Include="Utility">
      <UniqueIdentifier>{072a8a50-66dc-43e8-a2fc-05315257533a}</UniqueIdentifier>
    </Filter>
    <Filter Include="Core">
      <UniqueIdentifier>{3af5cae0-ec2c-40be-aa7e-e4147021122f}</UniqueIdentifier>
    </Filter>
    <Filter Include="Memory">
      <UniqueIdentifier>{4ed4ebbd-b50b-4c58-9fb3-1ce38fe94162}</UniqueIdentifier>
    </Filter>
    <Filter Include="Thread">
      <UniqueIdentifier>{3e9d9661-1ccb-428b-a0c0-1fadcc140408}</UniqueIdentifier>
    </Filter>
  </ItemGroup>
  <ItemGroup>
    <ClInclude Include="pch.hpp">
      <Filter>Utility</Filter>
    </ClInclude>
    <ClInclude Include="Utility\MiniDump.hpp">
      <Filter>Utility</Filter>
    </ClInclude>
    <ClInclude Include="Core\ServerEngineMacro.hpp">
      <Filter>Core</Filter>
    </ClInclude>
    <ClInclude Include="Core\ServerEnginePCH.hpp">
      <Filter>Core</Filter>
    </ClInclude>
    <ClInclude Include="Core\ServerEngineTypes.hpp">
      <Filter>Core</Filter>
    </ClInclude>
    <ClInclude Include="Memory\ReferenceCounter.hpp">
      <Filter>Memory</Filter>
    </ClInclude>
    <ClInclude Include="Memory\RingBuffer.hpp">
      <Filter>Memory</Filter>
    </ClInclude>
    <ClInclude Include="Network\Accepter.hpp">
      <Filter>Network</Filter>
    </ClInclude>
    <ClInclude Include="Network\ClientSocketManager.hpp">
      <Filter>Network</Filter>
    </ClInclude>
    <ClInclude Include="Network\Connector.hpp">
      <Filter>Network</Filter>
    </ClInclude>
    <ClInclude Include="Network\IOCPEvent.hpp">
      <Filter>Network</Filter>
    </ClInclude>
    <ClInclude Include="Network\IOCPManager.hpp">
      <Filter>Network</Filter>
    </ClInclude>
    <ClInclude Include="Network\Listener.hpp">
      <Filter>Network</Filter>
    </ClInclude>
    <ClInclude Include="Network\ServerSocketManager.hpp">
      <Filter>Network</Filter>
    </ClInclude>
    <ClInclude Include="Network\Session.hpp">
      <Filter>Network</Filter>
    </ClInclude>
    <ClInclude Include="Memory\Allocator.hpp">
      <Filter>Memory</Filter>
    </ClInclude>
    <ClInclude Include="Memory\Container.hpp">
      <Filter>Memory</Filter>
    </ClInclude>
    <ClInclude Include="Memory\Memory.hpp">
      <Filter>Memory</Filter>
    </ClInclude>
    <ClInclude Include="Memory\MemoryPool.hpp">
      <Filter>Memory</Filter>
    </ClInclude>
    <ClInclude Include="Core\ServerEngineGlobal.hpp">
      <Filter>Core</Filter>
    </ClInclude>
    <ClInclude Include="Memory\ObjectPool.hpp">
      <Filter>Memory</Filter>
    </ClInclude>
    <ClInclude Include="Memory\TypeCast.hpp">
      <Filter>Memory</Filter>
    </ClInclude>
    <ClInclude Include="Utility\LockStack.hpp">
      <Filter>Utility</Filter>
    </ClInclude>
    <ClInclude Include="Utility\LockQueue.hpp">
      <Filter>Utility</Filter>
    </ClInclude>
    <ClInclude Include="Utility\LockFreeStack.hpp">
      <Filter>Utility</Filter>
    </ClInclude>
    <ClInclude Include="Utility\LockFreeQueue.hpp">
      <Filter>Utility</Filter>
    </ClInclude>
    <ClInclude Include="Thread\ThreadManager.hpp">
      <Filter>Thread</Filter>
    </ClInclude>
    <ClInclude Include="Core\ServerEngineTLS.hpp">
      <Filter>Core</Filter>
    </ClInclude>
    <ClInclude Include="Thread\ReadWriteSpinLock.hpp">
      <Filter>Thread</Filter>
    </ClInclude>
    <ClInclude Include="Thread\DeadLockProfiler.hpp">
      <Filter>Thread</Filter>
    </ClInclude>
  </ItemGroup>
  <ItemGroup>
    <ClCompile Include="pch.cpp">
      <Filter>Utility</Filter>
    </ClCompile>
    <ClCompile Include="Utility\MiniDump.cpp">
      <Filter>Utility</Filter>
    </ClCompile>
    <ClCompile Include="Core\ServerEnginePCH.cpp">
      <Filter>Core</Filter>
    </ClCompile>
    <ClCompile Include="Memory\RingBuffer.cpp">
      <Filter>Memory</Filter>
    </ClCompile>
    <ClCompile Include="Network\ClientSocketManager.cpp">
      <Filter>Network</Filter>
    </ClCompile>
    <ClCompile Include="Network\IOCPManager.cpp">
      <Filter>Network</Filter>
    </ClCompile>
    <ClCompile Include="Network\Listener.cpp">
      <Filter>Network</Filter>
    </ClCompile>
    <ClCompile Include="Network\ServerSocketManager.cpp">
      <Filter>Network</Filter>
    </ClCompile>
    <ClCompile Include="Network\Session.cpp">
      <Filter>Network</Filter>
    </ClCompile>
    <ClCompile Include="Memory\Allocator.cpp">
      <Filter>Memory</Filter>
    </ClCompile>
    <ClCompile Include="Memory\Memory.cpp">
      <Filter>Memory</Filter>
    </ClCompile>
    <ClCompile Include="Memory\MemoryPool.cpp">
      <Filter>Memory</Filter>
    </ClCompile>
    <ClCompile Include="Core\ServerEngineGlobal.cpp">
      <Filter>Core</Filter>
    </ClCompile>
    <ClCompile Include="Thread\ThreadManager.cpp">
      <Filter>Thread</Filter>
    </ClCompile>
    <ClCompile Include="Core\ServerEngineTLS.cpp">
      <Filter>Core</Filter>
    </ClCompile>
    <ClCompile Include="Thread\ReadWriteSpinLock.cpp">
      <Filter>Thread</Filter>
    </ClCompile>
    <ClCompile Include="Thread\DeadLockProfiler.cpp">
      <Filter>Thread</Filter>
    </ClCompile>
  </ItemGroup>
</Project>